# This file is generated by running "yarn install" inside your project.
# Manual changes might be lost - proceed with caution!

__metadata:
  version: 6
  cacheKey: 8

"@babel/code-frame@npm:^7.0.0":
  version: 7.18.6
  resolution: "@babel/code-frame@npm:7.18.6"
  dependencies:
    "@babel/highlight": ^7.18.6
  checksum: 195e2be3172d7684bf95cff69ae3b7a15a9841ea9d27d3c843662d50cdd7d6470fd9c8e64be84d031117e4a4083486effba39f9aef6bbb2c89f7f21bcfba33ba
  languageName: node
  linkType: hard

"@babel/helper-validator-identifier@npm:^7.18.6":
  version: 7.19.1
  resolution: "@babel/helper-validator-identifier@npm:7.19.1"
  checksum: 0eca5e86a729162af569b46c6c41a63e18b43dbe09fda1d2a3c8924f7d617116af39cac5e4cd5d431bb760b4dca3c0970e0c444789b1db42bcf1fa41fbad0a3a
  languageName: node
  linkType: hard

"@babel/highlight@npm:^7.18.6":
  version: 7.18.6
  resolution: "@babel/highlight@npm:7.18.6"
  dependencies:
    "@babel/helper-validator-identifier": ^7.18.6
    chalk: ^2.0.0
    js-tokens: ^4.0.0
  checksum: 92d8ee61549de5ff5120e945e774728e5ccd57fd3b2ed6eace020ec744823d4a98e242be1453d21764a30a14769ecd62170fba28539b211799bbaf232bbb2789
  languageName: node
  linkType: hard

"@jest/types@npm:^24.9.0":
  version: 24.9.0
  resolution: "@jest/types@npm:24.9.0"
  dependencies:
    "@types/istanbul-lib-coverage": ^2.0.0
    "@types/istanbul-reports": ^1.1.1
    "@types/yargs": ^13.0.0
  checksum: 603698f774cf22f9d16a0e0fac9e10e7db21052aebfa33db154c8a5940e0eb1fa9c079a8c91681041ad3aeee2adfa950608dd0c663130316ba034b8bca7b301c
  languageName: node
  linkType: hard

"@sindresorhus/is@npm:^2.0.0":
  version: 2.1.1
  resolution: "@sindresorhus/is@npm:2.1.1"
  checksum: cbae604a29931dd33a0ecb77ef50e7ac6f4b626939aad84e4d4da06ace624902f294bd652268939b94596c725ed1905a73c453a5574b8504010296f5619e44cc
  languageName: node
  linkType: hard

"@szmarczak/http-timer@npm:^4.0.0":
  version: 4.0.6
  resolution: "@szmarczak/http-timer@npm:4.0.6"
  dependencies:
    defer-to-connect: ^2.0.0
  checksum: c29df3bcec6fc3bdec2b17981d89d9c9fc9bd7d0c9bcfe92821dc533f4440bc890ccde79971838b4ceed1921d456973c4180d7175ee1d0023ad0562240a58d95
  languageName: node
  linkType: hard

"@types/cacheable-request@npm:^6.0.1":
  version: 6.0.3
  resolution: "@types/cacheable-request@npm:6.0.3"
  dependencies:
    "@types/http-cache-semantics": "*"
    "@types/keyv": ^3.1.4
    "@types/node": "*"
    "@types/responselike": ^1.0.0
  checksum: d9b26403fe65ce6b0cb3720b7030104c352bcb37e4fac2a7089a25a97de59c355fa08940658751f2f347a8512aa9d18fdb66ab3ade835975b2f454f2d5befbd9
  languageName: node
  linkType: hard

"@types/http-cache-semantics@npm:*":
  version: 4.0.1
  resolution: "@types/http-cache-semantics@npm:4.0.1"
  checksum: 1048aacf627829f0d5f00184e16548205cd9f964bf0841c29b36bc504509230c40bc57c39778703a1c965a6f5b416ae2cbf4c1d4589c889d2838dd9dbfccf6e9
  languageName: node
  linkType: hard

"@types/istanbul-lib-coverage@npm:*, @types/istanbul-lib-coverage@npm:^2.0.0":
  version: 2.0.4
  resolution: "@types/istanbul-lib-coverage@npm:2.0.4"
  checksum: a25d7589ee65c94d31464c16b72a9dc81dfa0bea9d3e105ae03882d616e2a0712a9c101a599ec482d297c3591e16336962878cb3eb1a0a62d5b76d277a890ce7
  languageName: node
  linkType: hard

"@types/istanbul-lib-report@npm:*":
  version: 3.0.0
  resolution: "@types/istanbul-lib-report@npm:3.0.0"
  dependencies:
    "@types/istanbul-lib-coverage": "*"
  checksum: 656398b62dc288e1b5226f8880af98087233cdb90100655c989a09f3052b5775bf98ba58a16c5ae642fb66c61aba402e07a9f2bff1d1569e3b306026c59f3f36
  languageName: node
  linkType: hard

"@types/istanbul-reports@npm:^1.1.1":
  version: 1.1.2
  resolution: "@types/istanbul-reports@npm:1.1.2"
  dependencies:
    "@types/istanbul-lib-coverage": "*"
    "@types/istanbul-lib-report": "*"
  checksum: 00866e815d1e68d0a590d691506937b79d8d65ad8eab5ed34dbfee66136c7c0f4ea65327d32046d5fe469f22abea2b294987591dc66365ebc3991f7e413b2d78
  languageName: node
  linkType: hard

"@types/jest@npm:^24.9.1":
  version: 24.9.1
  resolution: "@types/jest@npm:24.9.1"
  dependencies:
    jest-diff: ^24.3.0
  checksum: eb6b3e177b90c823604216cc78028bd10edf9127cdab543776b35ce48779ba94b3d28f44e8420b9a9d122f3e2f126e3f57fb7f270b4b4c7dfb09da40f9798e39
  languageName: node
  linkType: hard

"@types/keyv@npm:^3.1.1, @types/keyv@npm:^3.1.4":
  version: 3.1.4
  resolution: "@types/keyv@npm:3.1.4"
  dependencies:
    "@types/node": "*"
  checksum: e009a2bfb50e90ca9b7c6e8f648f8464067271fd99116f881073fa6fa76dc8d0133181dd65e6614d5fb1220d671d67b0124aef7d97dc02d7e342ab143a47779d
  languageName: node
  linkType: hard

"@types/minimist@npm:^1.2.0":
  version: 1.2.2
  resolution: "@types/minimist@npm:1.2.2"
  checksum: b8da83c66eb4aac0440e64674b19564d9d86c80ae273144db9681e5eeff66f238ade9515f5006ffbfa955ceff8b89ad2bd8ec577d7caee74ba101431fb07045d
  languageName: node
  linkType: hard

"@types/node@npm:*":
  version: 18.11.17
  resolution: "@types/node@npm:18.11.17"
  checksum: 1933afd068d5c75c068c6c4df6d10edb3b0b2bb6503d544e2f0496ac007c90596e6a5e284a8ef032451bc16f871b7e46719d7d2bea60e9b25d13a77d52161cac
  languageName: node
  linkType: hard

"@types/normalize-package-data@npm:^2.4.0":
  version: 2.4.1
  resolution: "@types/normalize-package-data@npm:2.4.1"
  checksum: e87bccbf11f95035c89a132b52b79ce69a1e3652fe55962363063c9c0dae0fe2477ebc585e03a9652adc6f381d24ba5589cc5e51849df4ced3d3e004a7d40ed5
  languageName: node
  linkType: hard

"@types/responselike@npm:^1.0.0":
  version: 1.0.0
  resolution: "@types/responselike@npm:1.0.0"
  dependencies:
    "@types/node": "*"
  checksum: e99fc7cc6265407987b30deda54c1c24bb1478803faf6037557a774b2f034c5b097ffd65847daa87e82a61a250d919f35c3588654b0fdaa816906650f596d1b0
  languageName: node
  linkType: hard

"@types/yargs-parser@npm:*":
  version: 21.0.0
  resolution: "@types/yargs-parser@npm:21.0.0"
  checksum: b2f4c8d12ac18a567440379909127cf2cec393daffb73f246d0a25df36ea983b93b7e9e824251f959e9f928cbc7c1aab6728d0a0ff15d6145f66cec2be67d9a2
  languageName: node
  linkType: hard

"@types/yargs@npm:^13.0.0":
  version: 13.0.12
  resolution: "@types/yargs@npm:13.0.12"
  dependencies:
    "@types/yargs-parser": "*"
  checksum: 4eb34d8c071892299646e5a3fb02a643f5a5ea8da8f4d1817001882ebbcfa4fbda235b8978732f8eb55fa16433296e2087907fe69678a69125f0dca627a91426
  languageName: node
  linkType: hard

"ansi-regex@npm:^4.0.0":
  version: 4.1.1
  resolution: "ansi-regex@npm:4.1.1"
  checksum: b1a6ee44cb6ecdabaa770b2ed500542714d4395d71c7e5c25baa631f680fb2ad322eb9ba697548d498a6fd366949fc8b5bfcf48d49a32803611f648005b01888
  languageName: node
  linkType: hard

"ansi-regex@npm:^5.0.1":
  version: 5.0.1
  resolution: "ansi-regex@npm:5.0.1"
  checksum: 2aa4bb54caf2d622f1afdad09441695af2a83aa3fe8b8afa581d205e57ed4261c183c4d3877cee25794443fde5876417d859c108078ab788d6af7e4fe52eb66b
  languageName: node
  linkType: hard

"ansi-styles@npm:^3.2.0, ansi-styles@npm:^3.2.1":
  version: 3.2.1
  resolution: "ansi-styles@npm:3.2.1"
  dependencies:
    color-convert: ^1.9.0
  checksum: d85ade01c10e5dd77b6c89f34ed7531da5830d2cb5882c645f330079975b716438cd7ebb81d0d6e6b4f9c577f19ae41ab55f07f19786b02f9dfd9e0377395665
  languageName: node
  linkType: hard

"ansi-styles@npm:^4.1.0":
  version: 4.3.0
  resolution: "ansi-styles@npm:4.3.0"
  dependencies:
    color-convert: ^2.0.1
  checksum: 513b44c3b2105dd14cc42a19271e80f386466c4be574bccf60b627432f9198571ebf4ab1e4c3ba17347658f4ee1711c163d574248c0c1cdc2d5917a0ad582ec4
  languageName: node
  linkType: hard

"arrify@npm:^1.0.1":
  version: 1.0.1
  resolution: "arrify@npm:1.0.1"
  checksum: 745075dd4a4624ff0225c331dacb99be501a515d39bcb7c84d24660314a6ec28e68131b137e6f7e16318170842ce97538cd298fc4cd6b2cc798e0b957f2747e7
  languageName: node
  linkType: hard

"async@npm:^3.2.3":
  version: 3.2.4
  resolution: "async@npm:3.2.4"
  checksum: 43d07459a4e1d09b84a20772414aa684ff4de085cbcaec6eea3c7a8f8150e8c62aa6cd4e699fe8ee93c3a5b324e777d34642531875a0817a35697522c1b02e89
  languageName: node
  linkType: hard

"balanced-match@npm:^1.0.0":
  version: 1.0.2
  resolution: "balanced-match@npm:1.0.2"
  checksum: 9706c088a283058a8a99e0bf91b0a2f75497f185980d9ffa8b304de1d9e58ebda7c72c07ebf01dadedaac5b2907b2c6f566f660d62bd336c3468e960403b9d65
  languageName: node
  linkType: hard

"brace-expansion@npm:^1.1.7":
  version: 1.1.11
  resolution: "brace-expansion@npm:1.1.11"
  dependencies:
    balanced-match: ^1.0.0
    concat-map: 0.0.1
  checksum: faf34a7bb0c3fcf4b59c7808bc5d2a96a40988addf2e7e09dfbb67a2251800e0d14cd2bfc1aa79174f2f5095c54ff27f46fb1289fe2d77dac755b5eb3434cc07
  languageName: node
  linkType: hard

"brace-expansion@npm:^2.0.1":
  version: 2.0.1
  resolution: "brace-expansion@npm:2.0.1"
  dependencies:
    balanced-match: ^1.0.0
  checksum: a61e7cd2e8a8505e9f0036b3b6108ba5e926b4b55089eeb5550cd04a471fe216c96d4fe7e4c7f995c728c554ae20ddfc4244cad10aef255e72b62930afd233d1
  languageName: node
  linkType: hard

"cacheable-lookup@npm:^2.0.0":
  version: 2.0.1
  resolution: "cacheable-lookup@npm:2.0.1"
  dependencies:
    "@types/keyv": ^3.1.1
    keyv: ^4.0.0
  checksum: 6c2d0ca045aa6d9ffca54ace4ec8e9856678dcc55fd4506ad4078a3aab82fa2592f0c9316abbd6ddfabd1a785f34f289ccdcf4a565f329cd4aae55912b5ec1f8
  languageName: node
  linkType: hard

"cacheable-request@npm:^7.0.1":
  version: 7.0.2
  resolution: "cacheable-request@npm:7.0.2"
  dependencies:
    clone-response: ^1.0.2
    get-stream: ^5.1.0
    http-cache-semantics: ^4.0.0
    keyv: ^4.0.0
    lowercase-keys: ^2.0.0
    normalize-url: ^6.0.1
    responselike: ^2.0.0
  checksum: 6152813982945a5c9989cb457a6c499f12edcc7ade323d2fbfd759abc860bdbd1306e08096916bb413c3c47e812f8e4c0a0cc1e112c8ce94381a960f115bc77f
  languageName: node
  linkType: hard

"camelcase-keys@npm:^6.2.2":
  version: 6.2.2
  resolution: "camelcase-keys@npm:6.2.2"
  dependencies:
    camelcase: ^5.3.1
    map-obj: ^4.0.0
    quick-lru: ^4.0.1
  checksum: 43c9af1adf840471e54c68ab3e5fe8a62719a6b7dbf4e2e86886b7b0ff96112c945736342b837bd2529ec9d1c7d1934e5653318478d98e0cf22c475c04658e2a
  languageName: node
  linkType: hard

"camelcase@npm:^5.0.0, camelcase@npm:^5.3.1":
  version: 5.3.1
  resolution: "camelcase@npm:5.3.1"
  checksum: e6effce26b9404e3c0f301498184f243811c30dfe6d0b9051863bd8e4034d09c8c2923794f280d6827e5aa055f6c434115ff97864a16a963366fb35fd673024b
  languageName: node
  linkType: hard

"chalk@npm:^2.0.0, chalk@npm:^2.0.1, chalk@npm:^2.4.2":
  version: 2.4.2
  resolution: "chalk@npm:2.4.2"
  dependencies:
    ansi-styles: ^3.2.1
    escape-string-regexp: ^1.0.5
    supports-color: ^5.3.0
  checksum: ec3661d38fe77f681200f878edbd9448821924e0f93a9cefc0e26a33b145f1027a2084bf19967160d11e1f03bfe4eaffcabf5493b89098b2782c3fe0b03d80c2
  languageName: node
  linkType: hard

"chalk@npm:^3.0.0":
  version: 3.0.0
  resolution: "chalk@npm:3.0.0"
  dependencies:
    ansi-styles: ^4.1.0
    supports-color: ^7.1.0
  checksum: 8e3ddf3981c4da405ddbd7d9c8d91944ddf6e33d6837756979f7840a29272a69a5189ecae0ff84006750d6d1e92368d413335eab4db5476db6e6703a1d1e0505
  languageName: node
  linkType: hard

"chalk@npm:^4.0.2, chalk@npm:^4.1.0":
  version: 4.1.2
  resolution: "chalk@npm:4.1.2"
  dependencies:
    ansi-styles: ^4.1.0
    supports-color: ^7.1.0
  checksum: fe75c9d5c76a7a98d45495b91b2172fa3b7a09e0cc9370e5c8feb1c567b85c4288e2b3fded7cfdd7359ac28d6b3844feb8b82b8686842e93d23c827c417e83fc
  languageName: node
  linkType: hard

"cli-cursor@npm:^3.1.0":
  version: 3.1.0
  resolution: "cli-cursor@npm:3.1.0"
  dependencies:
    restore-cursor: ^3.1.0
  checksum: 2692784c6cd2fd85cfdbd11f53aea73a463a6d64a77c3e098b2b4697a20443f430c220629e1ca3b195ea5ac4a97a74c2ee411f3807abf6df2b66211fec0c0a29
  languageName: node
  linkType: hard

"cli-spinners@npm:^2.2.0":
  version: 2.7.0
  resolution: "cli-spinners@npm:2.7.0"
  checksum: a9afaf73f58d1f951fb23742f503631b3cf513f43f4c7acb1b640100eb76bfa16efbcd1994d149ffc6603a6d75dd3d4a516a76f125f90dce437de9b16fd0ee6f
  languageName: node
  linkType: hard

"clone-response@npm:^1.0.2":
  version: 1.0.3
  resolution: "clone-response@npm:1.0.3"
  dependencies:
    mimic-response: ^1.0.0
  checksum: 4e671cac39b11c60aa8ba0a450657194a5d6504df51bca3fac5b3bd0145c4f8e8464898f87c8406b83232e3bc5cca555f51c1f9c8ac023969ebfbf7f6bdabb2e
  languageName: node
  linkType: hard

"clone@npm:^1.0.2":
  version: 1.0.4
  resolution: "clone@npm:1.0.4"
  checksum: d06418b7335897209e77bdd430d04f882189582e67bd1f75a04565f3f07f5b3f119a9d670c943b6697d0afb100f03b866b3b8a1f91d4d02d72c4ecf2bb64b5dd
  languageName: node
  linkType: hard

"color-convert@npm:^1.9.0":
  version: 1.9.3
  resolution: "color-convert@npm:1.9.3"
  dependencies:
    color-name: 1.1.3
  checksum: fd7a64a17cde98fb923b1dd05c5f2e6f7aefda1b60d67e8d449f9328b4e53b228a428fd38bfeaeb2db2ff6b6503a776a996150b80cdf224062af08a5c8a3a203
  languageName: node
  linkType: hard

"color-convert@npm:^2.0.1":
  version: 2.0.1
  resolution: "color-convert@npm:2.0.1"
  dependencies:
    color-name: ~1.1.4
  checksum: 79e6bdb9fd479a205c71d89574fccfb22bd9053bd98c6c4d870d65c132e5e904e6034978e55b43d69fcaa7433af2016ee203ce76eeba9cfa554b373e7f7db336
  languageName: node
  linkType: hard

"color-name@npm:1.1.3":
  version: 1.1.3
  resolution: "color-name@npm:1.1.3"
  checksum: 09c5d3e33d2105850153b14466501f2bfb30324a2f76568a408763a3b7433b0e50e5b4ab1947868e65cb101bb7cb75029553f2c333b6d4b8138a73fcc133d69d
  languageName: node
  linkType: hard

"color-name@npm:~1.1.4":
  version: 1.1.4
  resolution: "color-name@npm:1.1.4"
  checksum: b0445859521eb4021cd0fb0cc1a75cecf67fceecae89b63f62b201cca8d345baf8b952c966862a9d9a2632987d4f6581f0ec8d957dfacece86f0a7919316f610
  languageName: node
  linkType: hard

"concat-map@npm:0.0.1":
  version: 0.0.1
  resolution: "concat-map@npm:0.0.1"
  checksum: 902a9f5d8967a3e2faf138d5cb784b9979bad2e6db5357c5b21c568df4ebe62bcb15108af1b2253744844eb964fc023fbd9afbbbb6ddd0bcc204c6fb5b7bf3af
  languageName: node
  linkType: hard

"decamelize-keys@npm:^1.1.0":
  version: 1.1.1
  resolution: "decamelize-keys@npm:1.1.1"
  dependencies:
    decamelize: ^1.1.0
    map-obj: ^1.0.0
  checksum: fc645fe20b7bda2680bbf9481a3477257a7f9304b1691036092b97ab04c0ab53e3bf9fcc2d2ae382536568e402ec41fb11e1d4c3836a9abe2d813dd9ef4311e0
  languageName: node
  linkType: hard

"decamelize@npm:^1.1.0, decamelize@npm:^1.2.0":
  version: 1.2.0
  resolution: "decamelize@npm:1.2.0"
  checksum: ad8c51a7e7e0720c70ec2eeb1163b66da03e7616d7b98c9ef43cce2416395e84c1e9548dd94f5f6ffecfee9f8b94251fc57121a8b021f2ff2469b2bae247b8aa
  languageName: node
  linkType: hard

"decompress-response@npm:^5.0.0":
  version: 5.0.0
  resolution: "decompress-response@npm:5.0.0"
  dependencies:
    mimic-response: ^2.0.0
  checksum: b46fe6c275b410e6dbf354083b42122b18eb6010c25aa19134f61934110269f715b2dfaf0089e3ef4e2acf5eb477193f8f5d42dbe3cc38adfc43fd090510c765
  languageName: node
  linkType: hard

"defaults@npm:^1.0.3":
  version: 1.0.4
  resolution: "defaults@npm:1.0.4"
  dependencies:
    clone: ^1.0.2
  checksum: 3a88b7a587fc076b84e60affad8b85245c01f60f38fc1d259e7ac1d89eb9ce6abb19e27215de46b98568dd5bc48471730b327637e6f20b0f1bc85cf00440c80a
  languageName: node
  linkType: hard

"defer-to-connect@npm:^2.0.0":
  version: 2.0.1
  resolution: "defer-to-connect@npm:2.0.1"
  checksum: 8a9b50d2f25446c0bfefb55a48e90afd58f85b21bcf78e9207cd7b804354f6409032a1705c2491686e202e64fc05f147aa5aa45f9aa82627563f045937f5791b
  languageName: node
  linkType: hard

"diff-sequences@npm:^24.9.0":
  version: 24.9.0
  resolution: "diff-sequences@npm:24.9.0"
  checksum: b81f906ff1737e0a65e8f7ee3ad1d27b426dcc25498731365aeaccc32333da3bf3a7100c963c7104f12c8e64e545114d4fe4c0b90daf2565b0b00b79f0df45c4
  languageName: node
  linkType: hard

"duplexer3@npm:^0.1.4":
  version: 0.1.5
  resolution: "duplexer3@npm:0.1.5"
  checksum: e677cb4c48f031ca728601d6a20bf6aed4c629d69ef9643cb89c67583d673c4ec9317cc6427501f38bd8c368d3a18f173987cc02bd99d8cf8fe3d94259a22a20
  languageName: node
  linkType: hard

"ejs@npm:^3.1.3":
  version: 3.1.8
  resolution: "ejs@npm:3.1.8"
  dependencies:
    jake: ^10.8.5
  bin:
    ejs: bin/cli.js
  checksum: 1d40d198ad52e315ccf37e577bdec06e24eefdc4e3c27aafa47751a03a0c7f0ec4310254c9277a5f14763c3cd4bbacce27497332b2d87c74232b9b1defef8efc
  languageName: node
  linkType: hard

"emoji-log@npm:^1.0.2":
  version: 1.0.2
  resolution: "emoji-log@npm:1.0.2"
  checksum: 300c30e0b8fb5b0c0a622e0347a5d50cc496967b1fbc89059a391016914fe75ed24d296588a7c2f33d2f7de156aca918d354b304e14d3feefcac21a5e010c116
  languageName: node
  linkType: hard

"end-of-stream@npm:^1.1.0":
  version: 1.4.4
  resolution: "end-of-stream@npm:1.4.4"
  dependencies:
    once: ^1.4.0
  checksum: 530a5a5a1e517e962854a31693dbb5c0b2fc40b46dad2a56a2deec656ca040631124f4795823acc68238147805f8b021abbe221f4afed5ef3c8e8efc2024908b
  languageName: node
  linkType: hard

"error-ex@npm:^1.3.1":
  version: 1.3.2
  resolution: "error-ex@npm:1.3.2"
  dependencies:
    is-arrayish: ^0.2.1
  checksum: c1c2b8b65f9c91b0f9d75f0debaa7ec5b35c266c2cac5de412c1a6de86d4cbae04ae44e510378cb14d032d0645a36925d0186f8bb7367bcc629db256b743a001
  languageName: node
  linkType: hard

"escape-string-regexp@npm:^1.0.5":
  version: 1.0.5
  resolution: "escape-string-regexp@npm:1.0.5"
  checksum: 6092fda75c63b110c706b6a9bfde8a612ad595b628f0bd2147eea1d3406723020810e591effc7db1da91d80a71a737a313567c5abb3813e8d9c71f4aa595b410
  languageName: node
  linkType: hard

"filelist@npm:^1.0.1":
  version: 1.0.4
  resolution: "filelist@npm:1.0.4"
  dependencies:
    minimatch: ^5.0.1
  checksum: a303573b0821e17f2d5e9783688ab6fbfce5d52aaac842790ae85e704a6f5e4e3538660a63183d6453834dedf1e0f19a9dadcebfa3e926c72397694ea11f5160
  languageName: node
  linkType: hard

"find-up@npm:^4.1.0":
  version: 4.1.0
  resolution: "find-up@npm:4.1.0"
  dependencies:
    locate-path: ^5.0.0
    path-exists: ^4.0.0
  checksum: 4c172680e8f8c1f78839486e14a43ef82e9decd0e74145f40707cc42e7420506d5ec92d9a11c22bd2c48fb0c384ea05dd30e10dd152fefeec6f2f75282a8b844
  languageName: node
  linkType: hard

"function-bind@npm:^1.1.1":
  version: 1.1.1
  resolution: "function-bind@npm:1.1.1"
  checksum: b32fbaebb3f8ec4969f033073b43f5c8befbb58f1a79e12f1d7490358150359ebd92f49e72ff0144f65f2c48ea2a605bff2d07965f548f6474fd8efd95bf361a
  languageName: node
  linkType: hard

"get-stream@npm:^5.0.0, get-stream@npm:^5.1.0":
  version: 5.2.0
  resolution: "get-stream@npm:5.2.0"
  dependencies:
    pump: ^3.0.0
  checksum: 8bc1a23174a06b2b4ce600df38d6c98d2ef6d84e020c1ddad632ad75bac4e092eeb40e4c09e0761c35fc2dbc5e7fff5dab5e763a383582c4a167dd69a905bd12
  languageName: node
  linkType: hard

"gh-got@npm:^9.0.0":
  version: 9.0.0
  resolution: "gh-got@npm:9.0.0"
  dependencies:
    got: ^10.5.7
  checksum: f5c9b22f2927efa495a4d5978701952c7ef9e6dd65de0cc45892d67b6147bee61c4f708e10ff6dc6ecf2369b617e2e951fcd0dc13c6928eca3c5c7c72a470ca2
  languageName: node
  linkType: hard

"got@npm:^10.5.7":
  version: 10.7.0
  resolution: "got@npm:10.7.0"
  dependencies:
    "@sindresorhus/is": ^2.0.0
    "@szmarczak/http-timer": ^4.0.0
    "@types/cacheable-request": ^6.0.1
    cacheable-lookup: ^2.0.0
    cacheable-request: ^7.0.1
    decompress-response: ^5.0.0
    duplexer3: ^0.1.4
    get-stream: ^5.0.0
    lowercase-keys: ^2.0.0
    mimic-response: ^2.1.0
    p-cancelable: ^2.0.0
    p-event: ^4.0.0
    responselike: ^2.0.0
    to-readable-stream: ^2.0.0
    type-fest: ^0.10.0
  checksum: 66feaec071b2dac412bfff3786a67d144a4bf615115ef70ac7e1db1e2a640bd02dcfbc60c55de11c8ee00f069df06f1de9d462446e56b09e4ade332ca2db7cd0
  languageName: node
  linkType: hard

"hard-rejection@npm:^2.1.0":
  version: 2.1.0
  resolution: "hard-rejection@npm:2.1.0"
  checksum: 7baaf80a0c7fff4ca79687b4060113f1529589852152fa935e6787a2bc96211e784ad4588fb3048136ff8ffc9dfcf3ae385314a5b24db32de20bea0d1597f9dc
  languageName: node
  linkType: hard

"has-flag@npm:^3.0.0":
  version: 3.0.0
  resolution: "has-flag@npm:3.0.0"
  checksum: 4a15638b454bf086c8148979aae044dd6e39d63904cd452d970374fa6a87623423da485dfb814e7be882e05c096a7ccf1ebd48e7e7501d0208d8384ff4dea73b
  languageName: node
  linkType: hard

"has-flag@npm:^4.0.0":
  version: 4.0.0
  resolution: "has-flag@npm:4.0.0"
  checksum: 261a1357037ead75e338156b1f9452c016a37dcd3283a972a30d9e4a87441ba372c8b81f818cd0fbcd9c0354b4ae7e18b9e1afa1971164aef6d18c2b6095a8ad
  languageName: node
  linkType: hard

"has@npm:^1.0.3":
  version: 1.0.3
  resolution: "has@npm:1.0.3"
  dependencies:
    function-bind: ^1.1.1
  checksum: b9ad53d53be4af90ce5d1c38331e712522417d017d5ef1ebd0507e07c2fbad8686fffb8e12ddecd4c39ca9b9b47431afbb975b8abf7f3c3b82c98e9aad052792
  languageName: node
  linkType: hard

"hosted-git-info@npm:^2.1.4":
  version: 2.8.9
  resolution: "hosted-git-info@npm:2.8.9"
  checksum: c955394bdab888a1e9bb10eb33029e0f7ce5a2ac7b3f158099dc8c486c99e73809dca609f5694b223920ca2174db33d32b12f9a2a47141dc59607c29da5a62dd
  languageName: node
  linkType: hard

"http-cache-semantics@npm:^4.0.0":
  version: 4.1.0
  resolution: "http-cache-semantics@npm:4.1.0"
  checksum: 974de94a81c5474be07f269f9fd8383e92ebb5a448208223bfb39e172a9dbc26feff250192ecc23b9593b3f92098e010406b0f24bd4d588d631f80214648ed42
  languageName: node
  linkType: hard

"indent-string@npm:^4.0.0":
  version: 4.0.0
  resolution: "indent-string@npm:4.0.0"
  checksum: 824cfb9929d031dabf059bebfe08cf3137365e112019086ed3dcff6a0a7b698cb80cf67ccccde0e25b9e2d7527aa6cc1fed1ac490c752162496caba3e6699612
  languageName: node
  linkType: hard

"is-arrayish@npm:^0.2.1":
  version: 0.2.1
  resolution: "is-arrayish@npm:0.2.1"
  checksum: eef4417e3c10e60e2c810b6084942b3ead455af16c4509959a27e490e7aee87cfb3f38e01bbde92220b528a0ee1a18d52b787e1458ee86174d8c7f0e58cd488f
  languageName: node
  linkType: hard

"is-core-module@npm:^2.9.0":
  version: 2.11.0
  resolution: "is-core-module@npm:2.11.0"
  dependencies:
    has: ^1.0.3
  checksum: f96fd490c6b48eb4f6d10ba815c6ef13f410b0ba6f7eb8577af51697de523e5f2cd9de1c441b51d27251bf0e4aebc936545e33a5d26d5d51f28d25698d4a8bab
  languageName: node
  linkType: hard

"is-interactive@npm:^1.0.0":
  version: 1.0.0
  resolution: "is-interactive@npm:1.0.0"
  checksum: 824808776e2d468b2916cdd6c16acacebce060d844c35ca6d82267da692e92c3a16fdba624c50b54a63f38bdc4016055b6f443ce57d7147240de4f8cdabaf6f9
  languageName: node
  linkType: hard

"is-plain-obj@npm:^1.1.0":
  version: 1.1.0
  resolution: "is-plain-obj@npm:1.1.0"
  checksum: 0ee04807797aad50859652a7467481816cbb57e5cc97d813a7dcd8915da8195dc68c436010bf39d195226cde6a2d352f4b815f16f26b7bf486a5754290629931
  languageName: node
  linkType: hard

"jake@npm:^10.8.5":
  version: 10.8.5
  resolution: "jake@npm:10.8.5"
  dependencies:
    async: ^3.2.3
    chalk: ^4.0.2
    filelist: ^1.0.1
    minimatch: ^3.0.4
  bin:
    jake: ./bin/cli.js
  checksum: 56c913ecf5a8d74325d0af9bc17a233bad50977438d44864d925bb6c45c946e0fee8c4c1f5fe2225471ef40df5222e943047982717ebff0d624770564d3c46ba
  languageName: node
  linkType: hard

"jest-diff@npm:^24.3.0":
  version: 24.9.0
  resolution: "jest-diff@npm:24.9.0"
  dependencies:
    chalk: ^2.0.1
    diff-sequences: ^24.9.0
    jest-get-type: ^24.9.0
    pretty-format: ^24.9.0
  checksum: 462ccb128cb1b64eb285d28245d0c5bfc230cb063624bd117550d6dbc94332f606828a5de86938611d1e6a78489e576c496737ae139084f6049a56b768ad6402
  languageName: node
  linkType: hard

"jest-get-type@npm:^24.9.0":
  version: 24.9.0
  resolution: "jest-get-type@npm:24.9.0"
  checksum: 821e6cd46434c917370cd362fbc4ce564c6e22780351f3ca468b230fbbc657ae19905ed5cdcc5e112d81a2c79cbd3fbcbe0dd44dc62860414b60ea223009958c
  languageName: node
  linkType: hard

"js-tokens@npm:^4.0.0":
  version: 4.0.0
  resolution: "js-tokens@npm:4.0.0"
  checksum: 8a95213a5a77deb6cbe94d86340e8d9ace2b93bc367790b260101d2f36a2eaf4e4e22d9fa9cf459b38af3a32fb4190e638024cf82ec95ef708680e405ea7cc78
  languageName: node
  linkType: hard

"json-buffer@npm:3.0.1":
  version: 3.0.1
  resolution: "json-buffer@npm:3.0.1"
  checksum: 9026b03edc2847eefa2e37646c579300a1f3a4586cfb62bf857832b60c852042d0d6ae55d1afb8926163fa54c2b01d83ae24705f34990348bdac6273a29d4581
  languageName: node
  linkType: hard

"json-parse-even-better-errors@npm:^2.3.0":
  version: 2.3.1
  resolution: "json-parse-even-better-errors@npm:2.3.1"
  checksum: 798ed4cf3354a2d9ccd78e86d2169515a0097a5c133337807cdf7f1fc32e1391d207ccfc276518cc1d7d8d4db93288b8a50ba4293d212ad1336e52a8ec0a941f
  languageName: node
  linkType: hard

"keyv@npm:^4.0.0":
  version: 4.5.2
  resolution: "keyv@npm:4.5.2"
  dependencies:
    json-buffer: 3.0.1
  checksum: 13ad58303acd2261c0d4831b4658451603fd159e61daea2121fcb15feb623e75ee328cded0572da9ca76b7b3ceaf8e614f1806c6b3af5db73c9c35a345259651
  languageName: node
  linkType: hard

"kind-of@npm:^6.0.3":
  version: 6.0.3
  resolution: "kind-of@npm:6.0.3"
  checksum: 3ab01e7b1d440b22fe4c31f23d8d38b4d9b91d9f291df683476576493d5dfd2e03848a8b05813dd0c3f0e835bc63f433007ddeceb71f05cb25c45ae1b19c6d3b
  languageName: node
  linkType: hard

"lines-and-columns@npm:^1.1.6":
  version: 1.2.4
  resolution: "lines-and-columns@npm:1.2.4"
  checksum: 0c37f9f7fa212b38912b7145e1cd16a5f3cd34d782441c3e6ca653485d326f58b3caccda66efce1c5812bde4961bbde3374fae4b0d11bf1226152337f3894aa5
  languageName: node
  linkType: hard

"locate-path@npm:^5.0.0":
  version: 5.0.0
  resolution: "locate-path@npm:5.0.0"
  dependencies:
    p-locate: ^4.1.0
  checksum: 83e51725e67517287d73e1ded92b28602e3ae5580b301fe54bfb76c0c723e3f285b19252e375712316774cf52006cb236aed5704692c32db0d5d089b69696e30
  languageName: node
  linkType: hard

"lodash.unescape@npm:^4.0.1":
  version: 4.0.1
  resolution: "lodash.unescape@npm:4.0.1"
  checksum: 7a9c2133f534619f18e415ea5ae61f654b4d8837a76f31128a8484c1e429357335c8a159d0d79b0f545fd7833d4633194314fa09bfc8be3fff033a07ba6884d8
  languageName: node
  linkType: hard

"log-symbols@npm:^3.0.0":
  version: 3.0.0
  resolution: "log-symbols@npm:3.0.0"
  dependencies:
    chalk: ^2.4.2
  checksum: f2322e1452d819050b11aad247660e1494f8b2219d40a964af91d5f9af1a90636f1b3d93f2952090e42af07cc5550aecabf6c1d8ec1181207e95cb66ba112361
  languageName: node
  linkType: hard

"lowercase-keys@npm:^2.0.0":
  version: 2.0.0
  resolution: "lowercase-keys@npm:2.0.0"
  checksum: 24d7ebd56ccdf15ff529ca9e08863f3c54b0b9d1edb97a3ae1af34940ae666c01a1e6d200707bce730a8ef76cb57cc10e65f245ecaaf7e6bc8639f2fb460ac23
  languageName: node
  linkType: hard

"map-obj@npm:^1.0.0":
  version: 1.0.1
  resolution: "map-obj@npm:1.0.1"
  checksum: 9949e7baec2a336e63b8d4dc71018c117c3ce6e39d2451ccbfd3b8350c547c4f6af331a4cbe1c83193d7c6b786082b6256bde843db90cb7da2a21e8fcc28afed
  languageName: node
  linkType: hard

"map-obj@npm:^4.0.0":
  version: 4.3.0
  resolution: "map-obj@npm:4.3.0"
  checksum: fbc554934d1a27a1910e842bc87b177b1a556609dd803747c85ece420692380827c6ae94a95cce4407c054fa0964be3bf8226f7f2cb2e9eeee432c7c1985684e
  languageName: node
  linkType: hard

"meow@npm:^7.0.1":
  version: 7.1.1
  resolution: "meow@npm:7.1.1"
  dependencies:
    "@types/minimist": ^1.2.0
    camelcase-keys: ^6.2.2
    decamelize-keys: ^1.1.0
    hard-rejection: ^2.1.0
    minimist-options: 4.1.0
    normalize-package-data: ^2.5.0
    read-pkg-up: ^7.0.1
    redent: ^3.0.0
    trim-newlines: ^3.0.0
    type-fest: ^0.13.1
    yargs-parser: ^18.1.3
  checksum: 87bba177ab858a9b606ee52220e6bf395277beebafefe8ab5dbdf178f5825274a24ca16dca7e0ddd41e5ac3533164ee52e3d0eec87b66d78aae796d24a817842
  languageName: node
  linkType: hard

"mimic-fn@npm:^2.1.0":
  version: 2.1.0
  resolution: "mimic-fn@npm:2.1.0"
  checksum: d2421a3444848ce7f84bd49115ddacff29c15745db73f54041edc906c14b131a38d05298dae3081667627a59b2eb1ca4b436ff2e1b80f69679522410418b478a
  languageName: node
  linkType: hard

"mimic-response@npm:^1.0.0":
  version: 1.0.1
  resolution: "mimic-response@npm:1.0.1"
  checksum: 034c78753b0e622bc03c983663b1cdf66d03861050e0c8606563d149bc2b02d63f62ce4d32be4ab50d0553ae0ffe647fc34d1f5281184c6e1e8cf4d85e8d9823
  languageName: node
  linkType: hard

"mimic-response@npm:^2.0.0, mimic-response@npm:^2.1.0":
  version: 2.1.0
  resolution: "mimic-response@npm:2.1.0"
  checksum: 014fad6ab936657e5f2f48bd87af62a8e928ebe84472aaf9e14fec4fcb31257a5edff77324d8ac13ddc6685ba5135cf16e381efac324e5f174fb4ddbf902bf07
  languageName: node
  linkType: hard

"min-indent@npm:^1.0.0":
  version: 1.0.1
  resolution: "min-indent@npm:1.0.1"
  checksum: bfc6dd03c5eaf623a4963ebd94d087f6f4bbbfd8c41329a7f09706b0cb66969c4ddd336abeb587bc44bc6f08e13bf90f0b374f9d71f9f01e04adc2cd6f083ef1
  languageName: node
  linkType: hard

"minimatch@npm:^3.0.4":
  version: 3.1.2
  resolution: "minimatch@npm:3.1.2"
  dependencies:
    brace-expansion: ^1.1.7
  checksum: c154e566406683e7bcb746e000b84d74465b3a832c45d59912b9b55cd50dee66e5c4b1e5566dba26154040e51672f9aa450a9aef0c97cfc7336b78b7afb9540a
  languageName: node
  linkType: hard

"minimatch@npm:^5.0.1":
  version: 5.1.2
  resolution: "minimatch@npm:5.1.2"
  dependencies:
    brace-expansion: ^2.0.1
  checksum: 32ffda25b9fb8270a1c1beafdb7489dc0e411af553495136509a945691f63c9b6b000eeeaaf8bffe3efa609c1d6d3bc0f5a106f6c3443b5c05da649100ded964
  languageName: node
  linkType: hard

"minimist-options@npm:4.1.0":
  version: 4.1.0
  resolution: "minimist-options@npm:4.1.0"
  dependencies:
    arrify: ^1.0.1
    is-plain-obj: ^1.1.0
    kind-of: ^6.0.3
  checksum: 8c040b3068811e79de1140ca2b708d3e203c8003eb9a414c1ab3cd467fc5f17c9ca02a5aef23bedc51a7f8bfbe77f87e9a7e31ec81fba304cda675b019496f4e
  languageName: node
  linkType: hard

"mute-stream@npm:0.0.8":
  version: 0.0.8
  resolution: "mute-stream@npm:0.0.8"
  checksum: ff48d251fc3f827e5b1206cda0ffdaec885e56057ee86a3155e1951bc940fd5f33531774b1cc8414d7668c10a8907f863f6561875ee6e8768931a62121a531a1
  languageName: node
  linkType: hard

"normalize-package-data@npm:^2.5.0":
  version: 2.5.0
  resolution: "normalize-package-data@npm:2.5.0"
  dependencies:
    hosted-git-info: ^2.1.4
    resolve: ^1.10.0
    semver: 2 || 3 || 4 || 5
    validate-npm-package-license: ^3.0.1
  checksum: 7999112efc35a6259bc22db460540cae06564aa65d0271e3bdfa86876d08b0e578b7b5b0028ee61b23f1cae9fc0e7847e4edc0948d3068a39a2a82853efc8499
  languageName: node
  linkType: hard

"normalize-url@npm:^6.0.1":
  version: 6.1.0
  resolution: "normalize-url@npm:6.1.0"
  checksum: 4a4944631173e7d521d6b80e4c85ccaeceb2870f315584fa30121f505a6dfd86439c5e3fdd8cd9e0e291290c41d0c3599f0cb12ab356722ed242584c30348e50
  languageName: node
  linkType: hard

"once@npm:^1.3.1, once@npm:^1.4.0":
  version: 1.4.0
  resolution: "once@npm:1.4.0"
  dependencies:
    wrappy: 1
  checksum: cd0a88501333edd640d95f0d2700fbde6bff20b3d4d9bdc521bdd31af0656b5706570d6c6afe532045a20bb8dc0849f8332d6f2a416e0ba6d3d3b98806c7db68
  languageName: node
  linkType: hard

"onetime@npm:^5.1.0":
  version: 5.1.2
  resolution: "onetime@npm:5.1.2"
  dependencies:
    mimic-fn: ^2.1.0
  checksum: 2478859ef817fc5d4e9c2f9e5728512ddd1dbc9fb7829ad263765bb6d3b91ce699d6e2332eef6b7dff183c2f490bd3349f1666427eaba4469fba0ac38dfd0d34
  languageName: node
  linkType: hard

"ora@npm:^4.0.4":
  version: 4.1.1
  resolution: "ora@npm:4.1.1"
  dependencies:
    chalk: ^3.0.0
    cli-cursor: ^3.1.0
    cli-spinners: ^2.2.0
    is-interactive: ^1.0.0
    log-symbols: ^3.0.0
    mute-stream: 0.0.8
    strip-ansi: ^6.0.0
    wcwidth: ^1.0.1
  checksum: 5dcee3a2e143c7b578531ceda051e8c4b64655a019030fe3de4aef67ac28d08fca996aef71522d40b2316a272aa158d65028d7f43c126d318b70a49d9fa4f991
  languageName: node
  linkType: hard

"p-cancelable@npm:^2.0.0":
  version: 2.1.1
  resolution: "p-cancelable@npm:2.1.1"
  checksum: 3dba12b4fb4a1e3e34524535c7858fc82381bbbd0f247cc32dedc4018592a3950ce66b106d0880b4ec4c2d8d6576f98ca885dc1d7d0f274d1370be20e9523ddf
  languageName: node
  linkType: hard

"p-event@npm:^4.0.0":
  version: 4.2.0
  resolution: "p-event@npm:4.2.0"
  dependencies:
    p-timeout: ^3.1.0
  checksum: 8a3588f7a816a20726a3262dfeee70a631e3997e4773d23219176333eda55cce9a76219e3d2b441b331eb746e14fdb381eb2694ab9ff2fcf87c846462696fe89
  languageName: node
  linkType: hard

"p-finally@npm:^1.0.0":
  version: 1.0.0
  resolution: "p-finally@npm:1.0.0"
  checksum: 93a654c53dc805dd5b5891bab16eb0ea46db8f66c4bfd99336ae929323b1af2b70a8b0654f8f1eae924b2b73d037031366d645f1fd18b3d30cbd15950cc4b1d4
  languageName: node
  linkType: hard

"p-limit@npm:^2.2.0":
  version: 2.3.0
  resolution: "p-limit@npm:2.3.0"
  dependencies:
    p-try: ^2.0.0
  checksum: 84ff17f1a38126c3314e91ecfe56aecbf36430940e2873dadaa773ffe072dc23b7af8e46d4b6485d302a11673fe94c6b67ca2cfbb60c989848b02100d0594ac1
  languageName: node
  linkType: hard

"p-locate@npm:^4.1.0":
  version: 4.1.0
  resolution: "p-locate@npm:4.1.0"
  dependencies:
    p-limit: ^2.2.0
  checksum: 513bd14a455f5da4ebfcb819ef706c54adb09097703de6aeaa5d26fe5ea16df92b48d1ac45e01e3944ce1e6aa2a66f7f8894742b8c9d6e276e16cd2049a2b870
  languageName: node
  linkType: hard

"p-timeout@npm:^3.1.0":
  version: 3.2.0
  resolution: "p-timeout@npm:3.2.0"
  dependencies:
    p-finally: ^1.0.0
  checksum: 3dd0eaa048780a6f23e5855df3dd45c7beacff1f820476c1d0d1bcd6648e3298752ba2c877aa1c92f6453c7dd23faaf13d9f5149fc14c0598a142e2c5e8d649c
  languageName: node
  linkType: hard

"p-try@npm:^2.0.0":
  version: 2.2.0
  resolution: "p-try@npm:2.2.0"
  checksum: f8a8e9a7693659383f06aec604ad5ead237c7a261c18048a6e1b5b85a5f8a067e469aa24f5bc009b991ea3b058a87f5065ef4176793a200d4917349881216cae
  languageName: node
  linkType: hard

"parse-json@npm:^5.0.0":
  version: 5.2.0
  resolution: "parse-json@npm:5.2.0"
  dependencies:
    "@babel/code-frame": ^7.0.0
    error-ex: ^1.3.1
    json-parse-even-better-errors: ^2.3.0
    lines-and-columns: ^1.1.6
  checksum: 62085b17d64da57f40f6afc2ac1f4d95def18c4323577e1eced571db75d9ab59b297d1d10582920f84b15985cbfc6b6d450ccbf317644cfa176f3ed982ad87e2
  languageName: node
  linkType: hard

"path-exists@npm:^4.0.0":
  version: 4.0.0
  resolution: "path-exists@npm:4.0.0"
  checksum: 505807199dfb7c50737b057dd8d351b82c033029ab94cb10a657609e00c1bc53b951cfdbccab8de04c5584d5eff31128ce6afd3db79281874a5ef2adbba55ed1
  languageName: node
  linkType: hard

"path-parse@npm:^1.0.7":
  version: 1.0.7
  resolution: "path-parse@npm:1.0.7"
  checksum: 49abf3d81115642938a8700ec580da6e830dde670be21893c62f4e10bd7dd4c3742ddc603fe24f898cba7eb0c6bc1777f8d9ac14185d34540c6d4d80cd9cae8a
  languageName: node
  linkType: hard

"pretty-format@npm:^24.9.0":
  version: 24.9.0
  resolution: "pretty-format@npm:24.9.0"
  dependencies:
    "@jest/types": ^24.9.0
    ansi-regex: ^4.0.0
    ansi-styles: ^3.2.0
    react-is: ^16.8.4
  checksum: ba9291c8dafd50d2fea1fbad5d2863a6f94e0c8835cce9778ec03bc11bb0f52b9ed0e4ee56aaa331d022ccae2fe52b92f73465a0af58fd0edb59deb6391c6847
  languageName: node
  linkType: hard

"pump@npm:^3.0.0":
  version: 3.0.0
  resolution: "pump@npm:3.0.0"
  dependencies:
    end-of-stream: ^1.1.0
    once: ^1.3.1
  checksum: e42e9229fba14732593a718b04cb5e1cfef8254544870997e0ecd9732b189a48e1256e4e5478148ecb47c8511dca2b09eae56b4d0aad8009e6fac8072923cfc9
  languageName: node
  linkType: hard

"quick-lru@npm:^4.0.1":
  version: 4.0.1
  resolution: "quick-lru@npm:4.0.1"
  checksum: bea46e1abfaa07023e047d3cf1716a06172c4947886c053ede5c50321893711577cb6119360f810cc3ffcd70c4d7db4069c3cee876b358ceff8596e062bd1154
  languageName: node
  linkType: hard

"react-is@npm:^16.8.4":
  version: 16.13.1
  resolution: "react-is@npm:16.13.1"
  checksum: f7a19ac3496de32ca9ae12aa030f00f14a3d45374f1ceca0af707c831b2a6098ef0d6bdae51bd437b0a306d7f01d4677fcc8de7c0d331eb47ad0f46130e53c5f
  languageName: node
  linkType: hard

"read-pkg-up@npm:^7.0.1":
  version: 7.0.1
  resolution: "read-pkg-up@npm:7.0.1"
  dependencies:
    find-up: ^4.1.0
    read-pkg: ^5.2.0
    type-fest: ^0.8.1
  checksum: e4e93ce70e5905b490ca8f883eb9e48b5d3cebc6cd4527c25a0d8f3ae2903bd4121c5ab9c5a3e217ada0141098eeb661313c86fa008524b089b8ed0b7f165e44
  languageName: node
  linkType: hard

"read-pkg@npm:^5.2.0":
  version: 5.2.0
  resolution: "read-pkg@npm:5.2.0"
  dependencies:
    "@types/normalize-package-data": ^2.4.0
    normalize-package-data: ^2.5.0
    parse-json: ^5.0.0
    type-fest: ^0.6.0
  checksum: eb696e60528b29aebe10e499ba93f44991908c57d70f2d26f369e46b8b9afc208ef11b4ba64f67630f31df8b6872129e0a8933c8c53b7b4daf0eace536901222
  languageName: node
  linkType: hard

"redent@npm:^3.0.0":
  version: 3.0.0
  resolution: "redent@npm:3.0.0"
  dependencies:
    indent-string: ^4.0.0
    strip-indent: ^3.0.0
  checksum: fa1ef20404a2d399235e83cc80bd55a956642e37dd197b4b612ba7327bf87fa32745aeb4a1634b2bab25467164ab4ed9c15be2c307923dd08b0fe7c52431ae6b
  languageName: node
  linkType: hard

"resolve@npm:^1.10.0":
  version: 1.22.1
  resolution: "resolve@npm:1.22.1"
  dependencies:
    is-core-module: ^2.9.0
    path-parse: ^1.0.7
    supports-preserve-symlinks-flag: ^1.0.0
  bin:
    resolve: bin/resolve
  checksum: 07af5fc1e81aa1d866cbc9e9460fbb67318a10fa3c4deadc35c3ad8a898ee9a71a86a65e4755ac3195e0ea0cfbe201eb323ebe655ce90526fd61917313a34e4e
  languageName: node
  linkType: hard

"resolve@patch:resolve@^1.10.0#~builtin<compat/resolve>":
  version: 1.22.1
  resolution: "resolve@patch:resolve@npm%3A1.22.1#~builtin<compat/resolve>::version=1.22.1&hash=c3c19d"
  dependencies:
    is-core-module: ^2.9.0
    path-parse: ^1.0.7
    supports-preserve-symlinks-flag: ^1.0.0
  bin:
    resolve: bin/resolve
  checksum: 5656f4d0bedcf8eb52685c1abdf8fbe73a1603bb1160a24d716e27a57f6cecbe2432ff9c89c2bd57542c3a7b9d14b1882b73bfe2e9d7849c9a4c0b8b39f02b8b
  languageName: node
  linkType: hard

"responselike@npm:^2.0.0":
  version: 2.0.1
  resolution: "responselike@npm:2.0.1"
  dependencies:
    lowercase-keys: ^2.0.0
  checksum: b122535466e9c97b55e69c7f18e2be0ce3823c5d47ee8de0d9c0b114aa55741c6db8bfbfce3766a94d1272e61bfb1ebf0a15e9310ac5629fbb7446a861b4fd3a
  languageName: node
  linkType: hard

"restore-cursor@npm:^3.1.0":
  version: 3.1.0
  resolution: "restore-cursor@npm:3.1.0"
  dependencies:
    onetime: ^5.1.0
    signal-exit: ^3.0.2
  checksum: f877dd8741796b909f2a82454ec111afb84eb45890eb49ac947d87991379406b3b83ff9673a46012fca0d7844bb989f45cc5b788254cf1a39b6b5a9659de0630
  languageName: node
  linkType: hard

"semver@npm:2 || 3 || 4 || 5":
  version: 5.7.1
  resolution: "semver@npm:5.7.1"
  bin:
    semver: ./bin/semver
  checksum: 57fd0acfd0bac382ee87cd52cd0aaa5af086a7dc8d60379dfe65fea491fb2489b6016400813930ecd61fd0952dae75c115287a1b16c234b1550887117744dfaf
  languageName: node
  linkType: hard

"signal-exit@npm:^3.0.2":
  version: 3.0.7
  resolution: "signal-exit@npm:3.0.7"
  checksum: a2f098f247adc367dffc27845853e9959b9e88b01cb301658cfe4194352d8d2bb32e18467c786a7fe15f1d44b233ea35633d076d5e737870b7139949d1ab6318
  languageName: node
  linkType: hard

"spdx-correct@npm:^3.0.0":
  version: 3.1.1
  resolution: "spdx-correct@npm:3.1.1"
  dependencies:
    spdx-expression-parse: ^3.0.0
    spdx-license-ids: ^3.0.0
  checksum: 77ce438344a34f9930feffa61be0eddcda5b55fc592906ef75621d4b52c07400a97084d8701557b13f7d2aae0cb64f808431f469e566ef3fe0a3a131dcb775a6
  languageName: node
  linkType: hard

"spdx-exceptions@npm:^2.1.0":
  version: 2.3.0
  resolution: "spdx-exceptions@npm:2.3.0"
  checksum: cb69a26fa3b46305637123cd37c85f75610e8c477b6476fa7354eb67c08128d159f1d36715f19be6f9daf4b680337deb8c65acdcae7f2608ba51931540687ac0
  languageName: node
  linkType: hard

"spdx-expression-parse@npm:^3.0.0":
  version: 3.0.1
  resolution: "spdx-expression-parse@npm:3.0.1"
  dependencies:
    spdx-exceptions: ^2.1.0
    spdx-license-ids: ^3.0.0
  checksum: a1c6e104a2cbada7a593eaa9f430bd5e148ef5290d4c0409899855ce8b1c39652bcc88a725259491a82601159d6dc790bedefc9016c7472f7de8de7361f8ccde
  languageName: node
  linkType: hard

"spdx-license-ids@npm:^3.0.0":
  version: 3.0.12
  resolution: "spdx-license-ids@npm:3.0.12"
  checksum: 92a4dddce62ce1db6fe54a7a839cf85e06abc308fc83b776a55b44e4f1906f02e7ebd506120847039e976bbbad359ea8bdfafb7925eae5cd7e73255f02e0b7d6
  languageName: node
  linkType: hard

"stargazed@https://github.com/abhijithvijayan/stargazed":
  version: 3.4.0
  resolution: "stargazed@https://github.com/abhijithvijayan/stargazed.git#commit=003e9730385a740255d1319bbf8fc14d9098d59b"
  dependencies:
    "@types/jest": ^24.9.1
    chalk: ^4.1.0
    ejs: ^3.1.3
    emoji-log: ^1.0.2
    gh-got: ^9.0.0
    lodash.unescape: ^4.0.1
    meow: ^7.0.1
    ora: ^4.0.4
    validate.io-boolean-primitive: ^1.0.0
    validate.io-object: ^1.0.4
    validate.io-string-primitive: ^1.0.1
  bin:
    stargazed: ./source/index.js
  checksum: f20b61edd618567c863592931c9dcb9b00cfc2f88dea9f1f3fc90ac2aba9dd3e8cfa86e67eeddb411f4a05723da45b28bf8635df4b2c73e9e9724d53855eb9ee
  languageName: node
  linkType: hard

"stargazed@workspace:.":
  version: 0.0.0-use.local
  resolution: "stargazed@workspace:."
  dependencies:
    stargazed: "https://github.com/abhijithvijayan/stargazed"
  languageName: unknown
  linkType: soft

"strip-ansi@npm:^6.0.0":
  version: 6.0.1
  resolution: "strip-ansi@npm:6.0.1"
  dependencies:
    ansi-regex: ^5.0.1
  checksum: f3cd25890aef3ba6e1a74e20896c21a46f482e93df4a06567cebf2b57edabb15133f1f94e57434e0a958d61186087b1008e89c94875d019910a213181a14fc8c
  languageName: node
  linkType: hard

"strip-indent@npm:^3.0.0":
  version: 3.0.0
  resolution: "strip-indent@npm:3.0.0"
  dependencies:
    min-indent: ^1.0.0
  checksum: 18f045d57d9d0d90cd16f72b2313d6364fd2cb4bf85b9f593523ad431c8720011a4d5f08b6591c9d580f446e78855c5334a30fb91aa1560f5d9f95ed1b4a0530
  languageName: node
  linkType: hard

"supports-color@npm:^5.3.0":
  version: 5.5.0
  resolution: "supports-color@npm:5.5.0"
  dependencies:
    has-flag: ^3.0.0
  checksum: 95f6f4ba5afdf92f495b5a912d4abee8dcba766ae719b975c56c084f5004845f6f5a5f7769f52d53f40e21952a6d87411bafe34af4a01e65f9926002e38e1dac
  languageName: node
  linkType: hard

"supports-color@npm:^7.1.0":
  version: 7.2.0
  resolution: "supports-color@npm:7.2.0"
  dependencies:
    has-flag: ^4.0.0
  checksum: 3dda818de06ebbe5b9653e07842d9479f3555ebc77e9a0280caf5a14fb877ffee9ed57007c3b78f5a6324b8dbeec648d9e97a24e2ed9fdb81ddc69ea07100f4a
  languageName: node
  linkType: hard

"supports-preserve-symlinks-flag@npm:^1.0.0":
  version: 1.0.0
  resolution: "supports-preserve-symlinks-flag@npm:1.0.0"
  checksum: 53b1e247e68e05db7b3808b99b892bd36fb096e6fba213a06da7fab22045e97597db425c724f2bbd6c99a3c295e1e73f3e4de78592289f38431049e1277ca0ae
  languageName: node
  linkType: hard

"to-readable-stream@npm:^2.0.0":
  version: 2.1.0
  resolution: "to-readable-stream@npm:2.1.0"
  checksum: 42039fb968a56af99a7201fe01debb0bc55a585a2ab0b1746e322c339c50f91043b1269cedcc6350d2a5f81ceaa6cff7960704f748a59542d1f2c50aca5ea7b9
  languageName: node
  linkType: hard

"trim-newlines@npm:^3.0.0":
  version: 3.0.1
  resolution: "trim-newlines@npm:3.0.1"
  checksum: b530f3fadf78e570cf3c761fb74fef655beff6b0f84b29209bac6c9622db75ad1417f4a7b5d54c96605dcd72734ad44526fef9f396807b90839449eb543c6206
  languageName: node
  linkType: hard

"type-fest@npm:^0.10.0":
  version: 0.10.0
  resolution: "type-fest@npm:0.10.0"
  checksum: 83411824cac9aa3b130704ea53de8ab3a0607e20eca3590a73a4bb79a5a1eaccc502181b86916e9d1965d48dfc8343a2fe373c2262322d1d8e00f65c14bab506
  languageName: node
  linkType: hard

"type-fest@npm:^0.13.1":
  version: 0.13.1
  resolution: "type-fest@npm:0.13.1"
  checksum: e6bf2e3c449f27d4ef5d56faf8b86feafbc3aec3025fc9a5fbe2db0a2587c44714521f9c30d8516a833c8c506d6263f5cc11267522b10c6ccdb6cc55b0a9d1c4
  languageName: node
  linkType: hard

"type-fest@npm:^0.6.0":
  version: 0.6.0
  resolution: "type-fest@npm:0.6.0"
  checksum: b2188e6e4b21557f6e92960ec496d28a51d68658018cba8b597bd3ef757721d1db309f120ae987abeeda874511d14b776157ff809f23c6d1ce8f83b9b2b7d60f
  languageName: node
  linkType: hard

"type-fest@npm:^0.8.1":
  version: 0.8.1
  resolution: "type-fest@npm:0.8.1"
  checksum: d61c4b2eba24009033ae4500d7d818a94fd6d1b481a8111612ee141400d5f1db46f199c014766b9fa9b31a6a7374d96fc748c6d688a78a3ce5a33123839becb7
  languageName: node
  linkType: hard

"validate-npm-package-license@npm:^3.0.1":
  version: 3.0.4
  resolution: "validate-npm-package-license@npm:3.0.4"
  dependencies:
    spdx-correct: ^3.0.0
    spdx-expression-parse: ^3.0.0
  checksum: 35703ac889d419cf2aceef63daeadbe4e77227c39ab6287eeb6c1b36a746b364f50ba22e88591f5d017bc54685d8137bc2d328d0a896e4d3fd22093c0f32a9ad
  languageName: node
  linkType: hard

"validate.io-array@npm:^1.0.1":
  version: 1.0.6
  resolution: "validate.io-array@npm:1.0.6"
  checksum: 54eca83ebc702e3e46499f9d9e77287a95ae25c4e727cd2fafee29c7333b3a36cca0c5d8f090b9406262786de80750fba85e7e7ef41e20bf8cc67d5570de449b
  languageName: node
  linkType: hard

"validate.io-boolean-primitive@npm:^1.0.0":
  version: 1.0.0
  resolution: "validate.io-boolean-primitive@npm:1.0.0"
  checksum: 9dde61170c848850b08d5fb3a3eeff68d89ca6b177988f677ccfc6ed32c145c289ef22bd08c3d87bbd1cbd73d99384098c15d2832d9c3963ce8c11584ebc1ea7
  languageName: node
  linkType: hard

"validate.io-object@npm:^1.0.4":
  version: 1.0.4
  resolution: "validate.io-object@npm:1.0.4"
  dependencies:
    validate.io-array: ^1.0.1
  checksum: 153edd9d5c291d09fdd09c6a949659efb1ee002931b6c84fde0e5bde540a0d65c772b47dda5674d5e5f0785a2339b1847852f21f1d7d9db1b0b97a516ad0b45f
  languageName: node
  linkType: hard

"validate.io-string-primitive@npm:^1.0.1":
  version: 1.0.1
  resolution: "validate.io-string-primitive@npm:1.0.1"
  checksum: 7c4c542ab948d7b8e1462242c2a9899c92872a113970a24aae453f02ffcec794a575f55d47dbf954764bcc1758397402d35eb43e4715b7b9233acd8f7bee6ae2
  languageName: node
  linkType: hard

"wcwidth@npm:^1.0.1":
  version: 1.0.1
  resolution: "wcwidth@npm:1.0.1"
  dependencies:
    defaults: ^1.0.3
  checksum: 814e9d1ddcc9798f7377ffa448a5a3892232b9275ebb30a41b529607691c0491de47cba426e917a4d08ded3ee7e9ba2f3fe32e62ee3cd9c7d3bafb7754bd553c
  languageName: node
  linkType: hard

"wrappy@npm:1":
  version: 1.0.2
  resolution: "wrappy@npm:1.0.2"
  checksum: 159da4805f7e84a3d003d8841557196034155008f817172d4e986bd591f74aa82aa7db55929a54222309e01079a65a92a9e6414da5a6aa4b01ee44a511ac3ee5
  languageName: node
  linkType: hard

"yargs-parser@npm:^18.1.3":
  version: 18.1.3
  resolution: "yargs-parser@npm:18.1.3"
  dependencies:
    camelcase: ^5.0.0
    decamelize: ^1.2.0
  checksum: 60e8c7d1b85814594d3719300ecad4e6ae3796748b0926137bfec1f3042581b8646d67e83c6fc80a692ef08b8390f21ddcacb9464476c39bbdf52e34961dd4d9
  languageName: node
  linkType: hard
